{
  "name": "adventure-game",
  "version": "1.0.0",
  "lockfileVersion": 3,
  "requires": true,
  "packages": {
    "": {
      "name": "adventure-game",
      "version": "1.0.0",
      "license": "ISC",
      "dependencies": {
        "@types/readline-sync": "^1.4.7",
        "readline-sync": "^1.4.10"
      }
    },
    "node_modules/@types/readline-sync": {
      "version": "1.4.7",
      "resolved": "https://registry.npmjs.org/@types/readline-sync/-/readline-sync-1.4.7.tgz",
      "integrity": "sha512-tPPerBmYwWX66KcZFYPjCuJfF8ykGD0GtPx6r33KYm0v4g4x68VK33/v4kLEoDwnnkYwcY2s9oYgMfTKMr3krg=="
    },
    "node_modules/readline-sync": {
      "version": "1.4.10",
      "resolved": "https://registry.npmjs.org/readline-sync/-/readline-sync-1.4.10.tgz",
      "integrity": "sha512-gNva8/6UAe8QYepIQH/jQ2qn91Qj0B9sYjMBBs3QOB8F2CXcKgLxQaJRP76sWVRQt+QU+8fAkCbCvjjMFu7Ycw==",
      "engines": {
        "node": ">= 0.8.0"
      }
    }
  }
}
